
Microsoft Visual Studio Solution File, Format Version 12.00
# Visual Studio 15
Project("{FAE04EC0-301F-11D3-BF4B-00C04F79EFBC}") = "Uniq.Android", "Uniq.Android\Uniq.Android.csproj", "{331E4EF5-3C3E-48EF-8D6C-80011D7763D7}"
EndProject
Project("{FAE04EC0-301F-11D3-BF4B-00C04F79EFBC}") = "Uniq.iOS", "Uniq.iOS\Uniq.iOS.csproj", "{B5210340-D785-4C19-9AB7-3EF830BA1158}"
EndProject
Project("{FAE04EC0-301F-11D3-BF4B-00C04F79EFBC}") = "Uniq", "Uniq\Uniq.csproj", "{1CA0D9E2-B262-4535-B0FB-45044AFA035B}"
EndProject
Global
	GlobalSection(SolutionConfigurationPlatforms) = preSolution
		Debug|Any CPU = Debug|Any CPU
		Release|Any CPU = Release|Any CPU
		Debug|iPhoneSimulator = Debug|iPhoneSimulator
		Release|iPhoneSimulator = Release|iPhoneSimulator
		Debug|iPhone = Debug|iPhone
		Release|iPhone = Release|iPhone
	EndGlobalSection
	GlobalSection(ProjectConfigurationPlatforms) = postSolution
		{331E4EF5-3C3E-48EF-8D6C-80011D7763D7}.Debug|Any CPU.ActiveCfg = Debug|Any CPU
		{331E4EF5-3C3E-48EF-8D6C-80011D7763D7}.Debug|Any CPU.Build.0 = Debug|Any CPU
		{331E4EF5-3C3E-48EF-8D6C-80011D7763D7}.Release|Any CPU.ActiveCfg = Release|Any CPU
		{331E4EF5-3C3E-48EF-8D6C-80011D7763D7}.Release|Any CPU.Build.0 = Release|Any CPU
		{331E4EF5-3C3E-48EF-8D6C-80011D7763D7}.Debug|iPhoneSimulator.ActiveCfg = Debug|Any CPU
		{331E4EF5-3C3E-48EF-8D6C-80011D7763D7}.Debug|iPhoneSimulator.Build.0 = Debug|Any CPU
		{331E4EF5-3C3E-48EF-8D6C-80011D7763D7}.Release|iPhoneSimulator.ActiveCfg = Release|Any CPU
		{331E4EF5-3C3E-48EF-8D6C-80011D7763D7}.Release|iPhoneSimulator.Build.0 = Release|Any CPU
		{331E4EF5-3C3E-48EF-8D6C-80011D7763D7}.Debug|iPhone.ActiveCfg = Debug|Any CPU
		{331E4EF5-3C3E-48EF-8D6C-80011D7763D7}.Debug|iPhone.Build.0 = Debug|Any CPU
		{331E4EF5-3C3E-48EF-8D6C-80011D7763D7}.Release|iPhone.ActiveCfg = Release|Any CPU
		{331E4EF5-3C3E-48EF-8D6C-80011D7763D7}.Release|iPhone.Build.0 = Release|Any CPU
		{B5210340-D785-4C19-9AB7-3EF830BA1158}.Debug|Any CPU.ActiveCfg = Debug|iPhoneSimulator
		{B5210340-D785-4C19-9AB7-3EF830BA1158}.Debug|Any CPU.Build.0 = Debug|iPhoneSimulator
		{B5210340-D785-4C19-9AB7-3EF830BA1158}.Release|Any CPU.ActiveCfg = Release|iPhoneSimulator
		{B5210340-D785-4C19-9AB7-3EF830BA1158}.Release|Any CPU.Build.0 = Release|iPhoneSimulator
		{B5210340-D785-4C19-9AB7-3EF830BA1158}.Debug|iPhoneSimulator.ActiveCfg = Debug|iPhoneSimulator
		{B5210340-D785-4C19-9AB7-3EF830BA1158}.Debug|iPhoneSimulator.Build.0 = Debug|iPhoneSimulator
		{B5210340-D785-4C19-9AB7-3EF830BA1158}.Release|iPhoneSimulator.ActiveCfg = Release|iPhoneSimulator
		{B5210340-D785-4C19-9AB7-3EF830BA1158}.Release|iPhoneSimulator.Build.0 = Release|iPhoneSimulator
		{B5210340-D785-4C19-9AB7-3EF830BA1158}.Debug|iPhone.ActiveCfg = Debug|iPhone
		{B5210340-D785-4C19-9AB7-3EF830BA1158}.Debug|iPhone.Build.0 = Debug|iPhone
		{B5210340-D785-4C19-9AB7-3EF830BA1158}.Release|iPhone.ActiveCfg = Release|iPhone
		{B5210340-D785-4C19-9AB7-3EF830BA1158}.Release|iPhone.Build.0 = Release|iPhone
		{1CA0D9E2-B262-4535-B0FB-45044AFA035B}.Debug|Any CPU.ActiveCfg = Debug|Any CPU
		{1CA0D9E2-B262-4535-B0FB-45044AFA035B}.Debug|Any CPU.Build.0 = Debug|Any CPU
		{1CA0D9E2-B262-4535-B0FB-45044AFA035B}.Release|Any CPU.ActiveCfg = Release|Any CPU
		{1CA0D9E2-B262-4535-B0FB-45044AFA035B}.Release|Any CPU.Build.0 = Release|Any CPU
		{1CA0D9E2-B262-4535-B0FB-45044AFA035B}.Debug|iPhoneSimulator.ActiveCfg = Debug|Any CPU
		{1CA0D9E2-B262-4535-B0FB-45044AFA035B}.Debug|iPhoneSimulator.Build.0 = Debug|Any CPU
		{1CA0D9E2-B262-4535-B0FB-45044AFA035B}.Release|iPhoneSimulator.ActiveCfg = Release|Any CPU
		{1CA0D9E2-B262-4535-B0FB-45044AFA035B}.Release|iPhoneSimulator.Build.0 = Release|Any CPU
		{1CA0D9E2-B262-4535-B0FB-45044AFA035B}.Debug|iPhone.ActiveCfg = Debug|Any CPU
		{1CA0D9E2-B262-4535-B0FB-45044AFA035B}.Debug|iPhone.Build.0 = Debug|Any CPU
		{1CA0D9E2-B262-4535-B0FB-45044AFA035B}.Release|iPhone.ActiveCfg = Release|Any CPU
		{1CA0D9E2-B262-4535-B0FB-45044AFA035B}.Release|iPhone.Build.0 = Release|Any CPU
	EndGlobalSection
EndGlobal
